
Microsoft Visual Studio Solution File, Format Version 12.00
# Visual Studio Version 16
VisualStudioVersion = 16.0.32002.261
MinimumVisualStudioVersion = 10.0.40219.1
Project("{FAE04EC0-301F-11D3-BF4B-00C04F79EFBC}") = "Api", "Api\Api.csproj", "{161FF668-9AC6-4010-8A70-C5EF42445922}"
EndProject
Project("{FAE04EC0-301F-11D3-BF4B-00C04F79EFBC}") = "Domain", "Domain\Domain.csproj", "{EA48539A-1E96-4F3E-B594-F1934773B4E2}"
EndProject
Global
	GlobalSection(SolutionConfigurationPlatforms) = preSolution
		Debug|Any CPU = Debug|Any CPU
		Release|Any CPU = Release|Any CPU
	EndGlobalSection
	GlobalSection(ProjectConfigurationPlatforms) = postSolution
		{161FF668-9AC6-4010-8A70-C5EF42445922}.Debug|Any CPU.ActiveCfg = Debug|Any CPU
		{161FF668-9AC6-4010-8A70-C5EF42445922}.Debug|Any CPU.Build.0 = Debug|Any CPU
		{161FF668-9AC6-4010-8A70-C5EF42445922}.Release|Any CPU.ActiveCfg = Release|Any CPU
		{161FF668-9AC6-4010-8A70-C5EF42445922}.Release|Any CPU.Build.0 = Release|Any CPU
		{EA48539A-1E96-4F3E-B594-F1934773B4E2}.Debug|Any CPU.ActiveCfg = Debug|Any CPU
		{EA48539A-1E96-4F3E-B594-F1934773B4E2}.Debug|Any CPU.Build.0 = Debug|Any CPU
		{EA48539A-1E96-4F3E-B594-F1934773B4E2}.Release|Any CPU.ActiveCfg = Release|Any CPU
		{EA48539A-1E96-4F3E-B594-F1934773B4E2}.Release|Any CPU.Build.0 = Release|Any CPU
	EndGlobalSection
	GlobalSection(SolutionProperties) = preSolution
		HideSolutionNode = FALSE
	EndGlobalSection
	GlobalSection(ExtensibilityGlobals) = postSolution
		SolutionGuid = {5FB04423-4CA7-468C-BC1D-BB46DD9BFFAE}
	EndGlobalSection
EndGlobal
